
Microsoft Visual Studio Solution File, Format Version 12.00
# Visual Studio Version 17
VisualStudioVersion = 17.9.34728.123
MinimumVisualStudioVersion = 10.0.40219.1
Project("{FAE04EC0-301F-11D3-BF4B-00C04F79EFBC}") = "ProgramAndApplicationForm", "ProgramAndApplicationForm\ProgramAndApplicationForm.csproj", "{00869B1D-0C11-4B1C-A570-66C3F3A61258}"
EndProject
Global
	GlobalSection(SolutionConfigurationPlatforms) = preSolution
		Debug|Any CPU = Debug|Any CPU
		Release|Any CPU = Release|Any CPU
	EndGlobalSection
	GlobalSection(ProjectConfigurationPlatforms) = postSolution
		{00869B1D-0C11-4B1C-A570-66C3F3A61258}.Debug|Any CPU.ActiveCfg = Debug|Any CPU
		{00869B1D-0C11-4B1C-A570-66C3F3A61258}.Debug|Any CPU.Build.0 = Debug|Any CPU
		{00869B1D-0C11-4B1C-A570-66C3F3A61258}.Release|Any CPU.ActiveCfg = Release|Any CPU
		{00869B1D-0C11-4B1C-A570-66C3F3A61258}.Release|Any CPU.Build.0 = Release|Any CPU
	EndGlobalSection
	GlobalSection(SolutionProperties) = preSolution
		HideSolutionNode = FALSE
	EndGlobalSection
	GlobalSection(ExtensibilityGlobals) = postSolution
		SolutionGuid = {18A876EC-08F5-4568-BFDA-521858EB3791}
	EndGlobalSection
EndGlobal
